{
  "name": "fixtures",
  "version": "1.0.0",
  "lockfileVersion": 3,
  "requires": true,
  "packages": {
    "": {
      "name": "fixtures",
      "version": "1.0.0",
      "license": "ISC",
      "dependencies": {
        "@ministryofjustice/frontend": "^5.0.0",
        "govuk-frontend": "^5.2.0"
      }
    },
    "node_modules/@ministryofjustice/frontend": {
      "version": "5.1.5",
      "resolved": "https://registry.npmjs.org/@ministryofjustice/frontend/-/frontend-5.1.5.tgz",
      "integrity": "sha512-qplsAEv1+8FeMxrBh+Z9NznX4LjZBTRBZubMlUqWKntBasssz5mp7rF/C8VeiuJhMtfOgB3YYDvxoahSQaoKGw==",
      "license": "MIT",
      "engines": {
        "node": ">= 4.2.0"
      },
      "peerDependencies": {
        "govuk-frontend": "^5.8.0",
        "moment": "2.30.1"
      }
    },
    "node_modules/govuk-frontend": {
      "version": "5.11.1",
      "resolved": "https://registry.npmjs.org/govuk-frontend/-/govuk-frontend-5.11.1.tgz",
      "integrity": "sha512-hJJFpaer4MZLvz/2F9RZ7xZ6FqlzpxL9aw6YWOGK3F1tn419xj2WcVXwOC8Bcj/dc/LanknbWJDGkb+IdkuhTQ==",
      "license": "MIT",
      "engines": {
        "node": ">= 4.2.0"
      }
    },
    "node_modules/moment": {
      "version": "2.30.1",
      "resolved": "https://registry.npmjs.org/moment/-/moment-2.30.1.tgz",
      "integrity": "sha512-uEmtNhbDOrWPFS+hdjFCBfy9f2YoyzRpwcl+DqpC6taX21FzsTLQVbMV/W7PzNSX6x/bhC1zA3c2UQ5NzH6how==",
      "license": "MIT",
      "peer": true,
      "engines": {
        "node": "*"
      }
    }
  }
}
