{
  "name": "fixtures",
  "version": "1.0.0",
  "lockfileVersion": 3,
  "requires": true,
  "packages": {
    "": {
      "name": "fixtures",
      "version": "1.0.0",
      "license": "ISC",
      "dependencies": {
        "govuk-frontend": "^5.2.0"
      }
    },
    "node_modules/govuk-frontend": {
      "version": "5.5.0",
      "resolved": "https://registry.npmjs.org/govuk-frontend/-/govuk-frontend-5.5.0.tgz",
      "integrity": "sha512-lNSHCOzgk6LfgelcdtJxTLK1BX/cpjCUyEB3LnzliD9o9YQckNMsbj5+jSOs2RFy6XBJ/DJqxj2TKfjBCuzpyA==",
      "license": "MIT",
      "engines": {
        "node": ">= 4.2.0"
      }
    }
  }
}
