{
  "name": "fixtures",
  "version": "1.0.0",
  "lockfileVersion": 3,
  "requires": true,
  "packages": {
    "": {
      "name": "fixtures",
      "version": "1.0.0",
      "license": "ISC",
      "dependencies": {
        "govuk-frontend": "^5.2.0"
      }
    },
    "node_modules/govuk-frontend": {
      "version": "5.7.1",
      "resolved": "https://registry.npmjs.org/govuk-frontend/-/govuk-frontend-5.7.1.tgz",
      "integrity": "sha512-jF1cq5rn57kxZmJRprUZhTQ31zaBBK4b5AyeJaPX3Yhg22lk90Mx/dQLvOk/ycV3wM7e0y+s4IPvb2fFaPlCGg==",
      "license": "MIT",
      "engines": {
        "node": ">= 4.2.0"
      }
    }
  }
}
